// !$*UTF8*$!
{
	archiveVersion = 1;
	classes = {
	};
	objectVersion = 51;
	objects = {

/* Begin PBXBuildFile section */
		03B85D51B423DA519F331F3D /* Pods_autoSampleTests.framework in Frameworks */ = {isa = PBXBuildFile; fileRef = 115078F59CCE552BCDE69899 /* Pods_autoSampleTests.framework */; };
		0419D26B234A98300042200A /* AppDelegate.swift in Sources */ = {isa = PBXBuildFile; fileRef = 0419D26A234A98300042200A /* AppDelegate.swift */; };
		0419D270234A98300042200A /* Main.storyboard in Resources */ = {isa = PBXBuildFile; fileRef = 0419D26E234A98300042200A /* Main.storyboard */; };
		0419D272234A98320042200A /* Assets.xcassets in Resources */ = {isa = PBXBuildFile; fileRef = 0419D271234A98320042200A /* Assets.xcassets */; };
		0419D275234A98320042200A /* LaunchScreen.storyboard in Resources */ = {isa = PBXBuildFile; fileRef = 0419D273234A98320042200A /* LaunchScreen.storyboard */; };
		0419D28B234A98320042200A /* autoSampleUITests.swift in Sources */ = {isa = PBXBuildFile; fileRef = 0419D28A234A98320042200A /* autoSampleUITests.swift */; };
		0419D29A234A9CFD0042200A /* AutoAPI.swift in Sources */ = {isa = PBXBuildFile; fileRef = 0419D299234A9CFD0042200A /* AutoAPI.swift */; };
		0419D29D234AB2AF0042200A /* Manufacturer.swift in Sources */ = {isa = PBXBuildFile; fileRef = 0419D29C234AB2AF0042200A /* Manufacturer.swift */; };
		0419D29F234AB7A30042200A /* Car.swift in Sources */ = {isa = PBXBuildFile; fileRef = 0419D29E234AB7A30042200A /* Car.swift */; };
		0419D2A2234AD79B0042200A /* ManufacturerViewModel.swift in Sources */ = {isa = PBXBuildFile; fileRef = 0419D2A1234AD79B0042200A /* ManufacturerViewModel.swift */; };
		049B308C234ADE9600F3BE41 /* ManufacturerSection.swift in Sources */ = {isa = PBXBuildFile; fileRef = 049B308B234ADE9600F3BE41 /* ManufacturerSection.swift */; };
		049B308F234AE0C800F3BE41 /* ManufacturerCarCellView.swift in Sources */ = {isa = PBXBuildFile; fileRef = 049B308E234AE0C800F3BE41 /* ManufacturerCarCellView.swift */; };
		049B3092234AE0E600F3BE41 /* ManufacturerCarCellView.xib in Resources */ = {isa = PBXBuildFile; fileRef = 049B3091234AE0E600F3BE41 /* ManufacturerCarCellView.xib */; };
		049B3094234AEE6C00F3BE41 /* DynamicKey.swift in Sources */ = {isa = PBXBuildFile; fileRef = 049B3093234AEE6C00F3BE41 /* DynamicKey.swift */; };
		1106C1DC4CB5F0E290EF51EA /* Pods_autoSample.framework in Frameworks */ = {isa = PBXBuildFile; fileRef = 476C59F1B1BA3815AAC161AB /* Pods_autoSample.framework */; };
		1CE66173234C32E300A92E97 /* ManufacturerViewController.xib in Resources */ = {isa = PBXBuildFile; fileRef = 1CE66172234C32E300A92E97 /* ManufacturerViewController.xib */; };
		1CE66175234C33AF00A92E97 /* ManufacturerViewController.swift in Sources */ = {isa = PBXBuildFile; fileRef = 1CE66174234C33AF00A92E97 /* ManufacturerViewController.swift */; };
		1CE66177234CB1DA00A92E97 /* CarAppNavigation.swift in Sources */ = {isa = PBXBuildFile; fileRef = 1CE66176234CB1DA00A92E97 /* CarAppNavigation.swift */; };
		1CE66179234D1E7800A92E97 /* AutoListViewController.swift in Sources */ = {isa = PBXBuildFile; fileRef = 1CE66178234D1E7800A92E97 /* AutoListViewController.swift */; };
		1CE6617B234D206F00A92E97 /* AutoListViewController.xib in Resources */ = {isa = PBXBuildFile; fileRef = 1CE6617A234D206F00A92E97 /* AutoListViewController.xib */; };
		1CE6617D234D228B00A92E97 /* CarListViewModel.swift in Sources */ = {isa = PBXBuildFile; fileRef = 1CE6617C234D228B00A92E97 /* CarListViewModel.swift */; };
		1CE6617F234D2D7500A92E97 /* AutoSection.swift in Sources */ = {isa = PBXBuildFile; fileRef = 1CE6617E234D2D7500A92E97 /* AutoSection.swift */; };
		1CE66182234D3D4100A92E97 /* UIViewControllerExtensions.swift in Sources */ = {isa = PBXBuildFile; fileRef = 1CE66181234D3D4100A92E97 /* UIViewControllerExtensions.swift */; };
		1CE66184234D3DA400A92E97 /* CarProtocol.swift in Sources */ = {isa = PBXBuildFile; fileRef = 1CE66183234D3DA400A92E97 /* CarProtocol.swift */; };
		1CE66186234D700400A92E97 /* UIColorExtensions.swift in Sources */ = {isa = PBXBuildFile; fileRef = 1CE66185234D700400A92E97 /* UIColorExtensions.swift */; };
		1CE66188234D906300A92E97 /* CarCellView.swift in Sources */ = {isa = PBXBuildFile; fileRef = 1CE66187234D906300A92E97 /* CarCellView.swift */; };
		1CE6618A234D907E00A92E97 /* CarCellView.xib in Resources */ = {isa = PBXBuildFile; fileRef = 1CE66189234D907E00A92E97 /* CarCellView.xib */; };
		1CE66190234D9CA300A92E97 /* manufacturerJson.json in Resources */ = {isa = PBXBuildFile; fileRef = 1CE6618E234D9B6200A92E97 /* manufacturerJson.json */; };
		1CE66194234D9FB600A92E97 /* autoSampleTests.swift in Sources */ = {isa = PBXBuildFile; fileRef = 0419D27F234A98320042200A /* autoSampleTests.swift */; };
		1CE66195234D9FB900A92E97 /* carJson.json in Resources */ = {isa = PBXBuildFile; fileRef = 1CE66191234D9EDF00A92E97 /* carJson.json */; };
		D82E9F2B32DFD33918F84D47 /* Pods_autoSample_autoSampleUITests.framework in Frameworks */ = {isa = PBXBuildFile; fileRef = 9FA4BE39A0059EE57135CA6B /* Pods_autoSample_autoSampleUITests.framework */; };
/* End PBXBuildFile section */

/* Begin PBXContainerItemProxy section */
		0419D27C234A98320042200A /* PBXContainerItemProxy */ = {
			isa = PBXContainerItemProxy;
			containerPortal = 0419D25F234A98300042200A /* Project object */;
			proxyType = 1;
			remoteGlobalIDString = 0419D266234A98300042200A;
			remoteInfo = autoSample;
		};
		0419D287234A98320042200A /* PBXContainerItemProxy */ = {
			isa = PBXContainerItemProxy;
			containerPortal = 0419D25F234A98300042200A /* Project object */;
			proxyType = 1;
			remoteGlobalIDString = 0419D266234A98300042200A;
			remoteInfo = autoSample;
		};
/* End PBXContainerItemProxy section */

/* Begin PBXFileReference section */
		0419D267234A98300042200A /* autoSample.app */ = {isa = PBXFileReference; explicitFileType = wrapper.application; includeInIndex = 0; path = autoSample.app; sourceTree = BUILT_PRODUCTS_DIR; };
		0419D26A234A98300042200A /* AppDelegate.swift */ = {isa = PBXFileReference; lastKnownFileType = sourcecode.swift; path = AppDelegate.swift; sourceTree = "<group>"; };
		0419D26F234A98300042200A /* Base */ = {isa = PBXFileReference; lastKnownFileType = file.storyboard; name = Base; path = Base.lproj/Main.storyboard; sourceTree = "<group>"; };
		0419D271234A98320042200A /* Assets.xcassets */ = {isa = PBXFileReference; lastKnownFileType = folder.assetcatalog; path = Assets.xcassets; sourceTree = "<group>"; };
		0419D274234A98320042200A /* Base */ = {isa = PBXFileReference; lastKnownFileType = file.storyboard; name = Base; path = Base.lproj/LaunchScreen.storyboard; sourceTree = "<group>"; };
		0419D276234A98320042200A /* Info.plist */ = {isa = PBXFileReference; lastKnownFileType = text.plist.xml; path = Info.plist; sourceTree = "<group>"; };
		0419D27B234A98320042200A /* autoSampleTests.xctest */ = {isa = PBXFileReference; explicitFileType = wrapper.cfbundle; includeInIndex = 0; path = autoSampleTests.xctest; sourceTree = BUILT_PRODUCTS_DIR; };
		0419D27F234A98320042200A /* autoSampleTests.swift */ = {isa = PBXFileReference; lastKnownFileType = sourcecode.swift; path = autoSampleTests.swift; sourceTree = "<group>"; };
		0419D281234A98320042200A /* Info.plist */ = {isa = PBXFileReference; lastKnownFileType = text.plist.xml; path = Info.plist; sourceTree = "<group>"; };
		0419D286234A98320042200A /* autoSampleUITests.xctest */ = {isa = PBXFileReference; explicitFileType = wrapper.cfbundle; includeInIndex = 0; path = autoSampleUITests.xctest; sourceTree = BUILT_PRODUCTS_DIR; };
		0419D28A234A98320042200A /* autoSampleUITests.swift */ = {isa = PBXFileReference; lastKnownFileType = sourcecode.swift; path = autoSampleUITests.swift; sourceTree = "<group>"; };
		0419D28C234A98320042200A /* Info.plist */ = {isa = PBXFileReference; lastKnownFileType = text.plist.xml; path = Info.plist; sourceTree = "<group>"; };
		0419D299234A9CFD0042200A /* AutoAPI.swift */ = {isa = PBXFileReference; lastKnownFileType = sourcecode.swift; path = AutoAPI.swift; sourceTree = "<group>"; };
		0419D29C234AB2AF0042200A /* Manufacturer.swift */ = {isa = PBXFileReference; lastKnownFileType = sourcecode.swift; path = Manufacturer.swift; sourceTree = "<group>"; };
		0419D29E234AB7A30042200A /* Car.swift */ = {isa = PBXFileReference; lastKnownFileType = sourcecode.swift; path = Car.swift; sourceTree = "<group>"; };
		0419D2A1234AD79B0042200A /* ManufacturerViewModel.swift */ = {isa = PBXFileReference; lastKnownFileType = sourcecode.swift; path = ManufacturerViewModel.swift; sourceTree = "<group>"; };
		049B308B234ADE9600F3BE41 /* ManufacturerSection.swift */ = {isa = PBXFileReference; lastKnownFileType = sourcecode.swift; path = ManufacturerSection.swift; sourceTree = "<group>"; };
		049B308E234AE0C800F3BE41 /* ManufacturerCarCellView.swift */ = {isa = PBXFileReference; lastKnownFileType = sourcecode.swift; path = ManufacturerCarCellView.swift; sourceTree = "<group>"; };
		049B3091234AE0E600F3BE41 /* ManufacturerCarCellView.xib */ = {isa = PBXFileReference; lastKnownFileType = file.xib; path = ManufacturerCarCellView.xib; sourceTree = "<group>"; };
		049B3093234AEE6C00F3BE41 /* DynamicKey.swift */ = {isa = PBXFileReference; lastKnownFileType = sourcecode.swift; path = DynamicKey.swift; sourceTree = "<group>"; };
		0EB742C444C07582835F9EF8 /* Pods-autoSampleTests.debug.xcconfig */ = {isa = PBXFileReference; includeInIndex = 1; lastKnownFileType = text.xcconfig; name = "Pods-autoSampleTests.debug.xcconfig"; path = "Target Support Files/Pods-autoSampleTests/Pods-autoSampleTests.debug.xcconfig"; sourceTree = "<group>"; };
		115078F59CCE552BCDE69899 /* Pods_autoSampleTests.framework */ = {isa = PBXFileReference; explicitFileType = wrapper.framework; includeInIndex = 0; path = Pods_autoSampleTests.framework; sourceTree = BUILT_PRODUCTS_DIR; };
		11E9D78024C33E38EBFE774F /* Pods-autoSample-autoSampleUITests.debug.xcconfig */ = {isa = PBXFileReference; includeInIndex = 1; lastKnownFileType = text.xcconfig; name = "Pods-autoSample-autoSampleUITests.debug.xcconfig"; path = "Target Support Files/Pods-autoSample-autoSampleUITests/Pods-autoSample-autoSampleUITests.debug.xcconfig"; sourceTree = "<group>"; };
		1CE66172234C32E300A92E97 /* ManufacturerViewController.xib */ = {isa = PBXFileReference; lastKnownFileType = file.xib; path = ManufacturerViewController.xib; sourceTree = "<group>"; };
		1CE66174234C33AF00A92E97 /* ManufacturerViewController.swift */ = {isa = PBXFileReference; lastKnownFileType = sourcecode.swift; path = ManufacturerViewController.swift; sourceTree = "<group>"; };
		1CE66176234CB1DA00A92E97 /* CarAppNavigation.swift */ = {isa = PBXFileReference; lastKnownFileType = sourcecode.swift; path = CarAppNavigation.swift; sourceTree = "<group>"; };
		1CE66178234D1E7800A92E97 /* AutoListViewController.swift */ = {isa = PBXFileReference; lastKnownFileType = sourcecode.swift; path = AutoListViewController.swift; sourceTree = "<group>"; };
		1CE6617A234D206F00A92E97 /* AutoListViewController.xib */ = {isa = PBXFileReference; lastKnownFileType = file.xib; path = AutoListViewController.xib; sourceTree = "<group>"; };
		1CE6617C234D228B00A92E97 /* CarListViewModel.swift */ = {isa = PBXFileReference; lastKnownFileType = sourcecode.swift; path = CarListViewModel.swift; sourceTree = "<group>"; };
		1CE6617E234D2D7500A92E97 /* AutoSection.swift */ = {isa = PBXFileReference; lastKnownFileType = sourcecode.swift; path = AutoSection.swift; sourceTree = "<group>"; };
		1CE66181234D3D4100A92E97 /* UIViewControllerExtensions.swift */ = {isa = PBXFileReference; lastKnownFileType = sourcecode.swift; path = UIViewControllerExtensions.swift; sourceTree = "<group>"; };
		1CE66183234D3DA400A92E97 /* CarProtocol.swift */ = {isa = PBXFileReference; lastKnownFileType = sourcecode.swift; path = CarProtocol.swift; sourceTree = "<group>"; };
		1CE66185234D700400A92E97 /* UIColorExtensions.swift */ = {isa = PBXFileReference; lastKnownFileType = sourcecode.swift; path = UIColorExtensions.swift; sourceTree = "<group>"; };
		1CE66187234D906300A92E97 /* CarCellView.swift */ = {isa = PBXFileReference; lastKnownFileType = sourcecode.swift; path = CarCellView.swift; sourceTree = "<group>"; };
		1CE66189234D907E00A92E97 /* CarCellView.xib */ = {isa = PBXFileReference; lastKnownFileType = file.xib; path = CarCellView.xib; sourceTree = "<group>"; };
		1CE6618E234D9B6200A92E97 /* manufacturerJson.json */ = {isa = PBXFileReference; fileEncoding = 4; lastKnownFileType = text.json; path = manufacturerJson.json; sourceTree = "<group>"; };
		1CE66191234D9EDF00A92E97 /* carJson.json */ = {isa = PBXFileReference; fileEncoding = 4; lastKnownFileType = text.json; path = carJson.json; sourceTree = "<group>"; };
		476C59F1B1BA3815AAC161AB /* Pods_autoSample.framework */ = {isa = PBXFileReference; explicitFileType = wrapper.framework; includeInIndex = 0; path = Pods_autoSample.framework; sourceTree = BUILT_PRODUCTS_DIR; };
		4E8D5A71096F149701C400F8 /* Pods-autoSample-autoSampleUITests.release.xcconfig */ = {isa = PBXFileReference; includeInIndex = 1; lastKnownFileType = text.xcconfig; name = "Pods-autoSample-autoSampleUITests.release.xcconfig"; path = "Target Support Files/Pods-autoSample-autoSampleUITests/Pods-autoSample-autoSampleUITests.release.xcconfig"; sourceTree = "<group>"; };
		8FEB6BA70C4D9EA53B236EE8 /* Pods-autoSample.debug.xcconfig */ = {isa = PBXFileReference; includeInIndex = 1; lastKnownFileType = text.xcconfig; name = "Pods-autoSample.debug.xcconfig"; path = "Target Support Files/Pods-autoSample/Pods-autoSample.debug.xcconfig"; sourceTree = "<group>"; };
		9FA4BE39A0059EE57135CA6B /* Pods_autoSample_autoSampleUITests.framework */ = {isa = PBXFileReference; explicitFileType = wrapper.framework; includeInIndex = 0; path = Pods_autoSample_autoSampleUITests.framework; sourceTree = BUILT_PRODUCTS_DIR; };
		D9CA93503363CCE07440E46A /* Pods-autoSampleTests.release.xcconfig */ = {isa = PBXFileReference; includeInIndex = 1; lastKnownFileType = text.xcconfig; name = "Pods-autoSampleTests.release.xcconfig"; path = "Target Support Files/Pods-autoSampleTests/Pods-autoSampleTests.release.xcconfig"; sourceTree = "<group>"; };
		E962778CCFC38FFB841326D0 /* Pods-autoSample.release.xcconfig */ = {isa = PBXFileReference; includeInIndex = 1; lastKnownFileType = text.xcconfig; name = "Pods-autoSample.release.xcconfig"; path = "Target Support Files/Pods-autoSample/Pods-autoSample.release.xcconfig"; sourceTree = "<group>"; };
/* End PBXFileReference section */

/* Begin PBXFrameworksBuildPhase section */
		0419D264234A98300042200A /* Frameworks */ = {
			isa = PBXFrameworksBuildPhase;
			buildActionMask = 2147483647;
			files = (
				1106C1DC4CB5F0E290EF51EA /* Pods_autoSample.framework in Frameworks */,
			);
			runOnlyForDeploymentPostprocessing = 0;
		};
		0419D278234A98320042200A /* Frameworks */ = {
			isa = PBXFrameworksBuildPhase;
			buildActionMask = 2147483647;
			files = (
				03B85D51B423DA519F331F3D /* Pods_autoSampleTests.framework in Frameworks */,
			);
			runOnlyForDeploymentPostprocessing = 0;
		};
		0419D283234A98320042200A /* Frameworks */ = {
			isa = PBXFrameworksBuildPhase;
			buildActionMask = 2147483647;
			files = (
				D82E9F2B32DFD33918F84D47 /* Pods_autoSample_autoSampleUITests.framework in Frameworks */,
			);
			runOnlyForDeploymentPostprocessing = 0;
		};
/* End PBXFrameworksBuildPhase section */

/* Begin PBXGroup section */
		0419D25E234A98300042200A = {
			isa = PBXGroup;
			children = (
				0419D269234A98300042200A /* autoSample */,
				0419D27E234A98320042200A /* autoSampleTests */,
				0419D289234A98320042200A /* autoSampleUITests */,
				0419D268234A98300042200A /* Products */,
				11F22E0A09F5FF7883E664FF /* Pods */,
				224F729541E62FC2A61E239D /* Frameworks */,
			);
			sourceTree = "<group>";
		};
		0419D268234A98300042200A /* Products */ = {
			isa = PBXGroup;
			children = (
				0419D267234A98300042200A /* autoSample.app */,
				0419D27B234A98320042200A /* autoSampleTests.xctest */,
				0419D286234A98320042200A /* autoSampleUITests.xctest */,
			);
			name = Products;
			sourceTree = "<group>";
		};
		0419D269234A98300042200A /* autoSample */ = {
			isa = PBXGroup;
			children = (
				1CE66180234D3B0900A92E97 /* Extensions */,
				049B308D234AE09100F3BE41 /* View */,
				0419D2A0234ABE7A0042200A /* ViewModel */,
				0419D29B234AADED0042200A /* Model */,
				0419D298234A9CE70042200A /* API */,
				0419D26A234A98300042200A /* AppDelegate.swift */,
				0419D26E234A98300042200A /* Main.storyboard */,
				0419D271234A98320042200A /* Assets.xcassets */,
				0419D273234A98320042200A /* LaunchScreen.storyboard */,
				0419D276234A98320042200A /* Info.plist */,
				1CE66176234CB1DA00A92E97 /* CarAppNavigation.swift */,
			);
			path = autoSample;
			sourceTree = "<group>";
		};
		0419D27E234A98320042200A /* autoSampleTests */ = {
			isa = PBXGroup;
			children = (
				1CE6618B234D9AF300A92E97 /* Resources */,
				0419D27F234A98320042200A /* autoSampleTests.swift */,
				0419D281234A98320042200A /* Info.plist */,
			);
			path = autoSampleTests;
			sourceTree = "<group>";
		};
		0419D289234A98320042200A /* autoSampleUITests */ = {
			isa = PBXGroup;
			children = (
				0419D28A234A98320042200A /* autoSampleUITests.swift */,
				0419D28C234A98320042200A /* Info.plist */,
			);
			path = autoSampleUITests;
			sourceTree = "<group>";
		};
		0419D298234A9CE70042200A /* API */ = {
			isa = PBXGroup;
			children = (
				0419D299234A9CFD0042200A /* AutoAPI.swift */,
			);
			path = API;
			sourceTree = "<group>";
		};
		0419D29B234AADED0042200A /* Model */ = {
			isa = PBXGroup;
			children = (
				0419D29C234AB2AF0042200A /* Manufacturer.swift */,
				0419D29E234AB7A30042200A /* Car.swift */,
				049B308B234ADE9600F3BE41 /* ManufacturerSection.swift */,
				049B3093234AEE6C00F3BE41 /* DynamicKey.swift */,
				1CE6617E234D2D7500A92E97 /* AutoSection.swift */,
				1CE66183234D3DA400A92E97 /* CarProtocol.swift */,
			);
			path = Model;
			sourceTree = "<group>";
		};
		0419D2A0234ABE7A0042200A /* ViewModel */ = {
			isa = PBXGroup;
			children = (
				0419D2A1234AD79B0042200A /* ManufacturerViewModel.swift */,
				1CE6617C234D228B00A92E97 /* CarListViewModel.swift */,
			);
			path = ViewModel;
			sourceTree = "<group>";
		};
		049B308D234AE09100F3BE41 /* View */ = {
			isa = PBXGroup;
			children = (
				049B3090234AE0CE00F3BE41 /* Cells */,
				1CE66172234C32E300A92E97 /* ManufacturerViewController.xib */,
				1CE66174234C33AF00A92E97 /* ManufacturerViewController.swift */,
				1CE66178234D1E7800A92E97 /* AutoListViewController.swift */,
				1CE6617A234D206F00A92E97 /* AutoListViewController.xib */,
			);
			path = View;
			sourceTree = "<group>";
		};
		049B3090234AE0CE00F3BE41 /* Cells */ = {
			isa = PBXGroup;
			children = (
				049B308E234AE0C800F3BE41 /* ManufacturerCarCellView.swift */,
				049B3091234AE0E600F3BE41 /* ManufacturerCarCellView.xib */,
				1CE66187234D906300A92E97 /* CarCellView.swift */,
				1CE66189234D907E00A92E97 /* CarCellView.xib */,
			);
			path = Cells;
			sourceTree = "<group>";
		};
		11F22E0A09F5FF7883E664FF /* Pods */ = {
			isa = PBXGroup;
			children = (
				8FEB6BA70C4D9EA53B236EE8 /* Pods-autoSample.debug.xcconfig */,
				E962778CCFC38FFB841326D0 /* Pods-autoSample.release.xcconfig */,
				11E9D78024C33E38EBFE774F /* Pods-autoSample-autoSampleUITests.debug.xcconfig */,
				4E8D5A71096F149701C400F8 /* Pods-autoSample-autoSampleUITests.release.xcconfig */,
				0EB742C444C07582835F9EF8 /* Pods-autoSampleTests.debug.xcconfig */,
				D9CA93503363CCE07440E46A /* Pods-autoSampleTests.release.xcconfig */,
			);
			path = Pods;
			sourceTree = "<group>";
		};
		1CE66180234D3B0900A92E97 /* Extensions */ = {
			isa = PBXGroup;
			children = (
				1CE66181234D3D4100A92E97 /* UIViewControllerExtensions.swift */,
				1CE66185234D700400A92E97 /* UIColorExtensions.swift */,
			);
			path = Extensions;
			sourceTree = "<group>";
		};
		1CE6618B234D9AF300A92E97 /* Resources */ = {
			isa = PBXGroup;
			children = (
				1CE66191234D9EDF00A92E97 /* carJson.json */,
				1CE6618E234D9B6200A92E97 /* manufacturerJson.json */,
			);
			path = Resources;
			sourceTree = "<group>";
		};
		224F729541E62FC2A61E239D /* Frameworks */ = {
			isa = PBXGroup;
			children = (
				476C59F1B1BA3815AAC161AB /* Pods_autoSample.framework */,
				9FA4BE39A0059EE57135CA6B /* Pods_autoSample_autoSampleUITests.framework */,
				115078F59CCE552BCDE69899 /* Pods_autoSampleTests.framework */,
			);
			name = Frameworks;
			sourceTree = "<group>";
		};
/* End PBXGroup section */

/* Begin PBXNativeTarget section */
		0419D266234A98300042200A /* autoSample */ = {
			isa = PBXNativeTarget;
			buildConfigurationList = 0419D28F234A98320042200A /* Build configuration list for PBXNativeTarget "autoSample" */;
			buildPhases = (
				B9105B3CB35020F7DD14BFB8 /* [CP] Check Pods Manifest.lock */,
				0419D263234A98300042200A /* Sources */,
				0419D264234A98300042200A /* Frameworks */,
				0419D265234A98300042200A /* Resources */,
				E9A98F5C8F3319E26864B47F /* [CP] Embed Pods Frameworks */,
			);
			buildRules = (
			);
			dependencies = (
			);
			name = autoSample;
			productName = autoSample;
			productReference = 0419D267234A98300042200A /* autoSample.app */;
			productType = "com.apple.product-type.application";
		};
		0419D27A234A98320042200A /* autoSampleTests */ = {
			isa = PBXNativeTarget;
			buildConfigurationList = 0419D292234A98320042200A /* Build configuration list for PBXNativeTarget "autoSampleTests" */;
			buildPhases = (
				6C3567120EAE26A4179FF348 /* [CP] Check Pods Manifest.lock */,
				0419D277234A98320042200A /* Sources */,
				0419D278234A98320042200A /* Frameworks */,
				0419D279234A98320042200A /* Resources */,
			);
			buildRules = (
			);
			dependencies = (
				0419D27D234A98320042200A /* PBXTargetDependency */,
			);
			name = autoSampleTests;
			productName = autoSampleTests;
			productReference = 0419D27B234A98320042200A /* autoSampleTests.xctest */;
			productType = "com.apple.product-type.bundle.unit-test";
		};
		0419D285234A98320042200A /* autoSampleUITests */ = {
			isa = PBXNativeTarget;
			buildConfigurationList = 0419D295234A98320042200A /* Build configuration list for PBXNativeTarget "autoSampleUITests" */;
			buildPhases = (
				C249823DEE6499F44FF5CFE6 /* [CP] Check Pods Manifest.lock */,
				0419D282234A98320042200A /* Sources */,
				0419D283234A98320042200A /* Frameworks */,
				0419D284234A98320042200A /* Resources */,
				D89418F721084C6851100B49 /* [CP] Embed Pods Frameworks */,
			);
			buildRules = (
			);
			dependencies = (
				0419D288234A98320042200A /* PBXTargetDependency */,
			);
			name = autoSampleUITests;
			productName = autoSampleUITests;
			productReference = 0419D286234A98320042200A /* autoSampleUITests.xctest */;
			productType = "com.apple.product-type.bundle.ui-testing";
		};
/* End PBXNativeTarget section */

/* Begin PBXProject section */
		0419D25F234A98300042200A /* Project object */ = {
			isa = PBXProject;
			attributes = {
				LastSwiftUpdateCheck = 1020;
				LastUpgradeCheck = 1020;
				ORGANIZATIONNAME = Jesus;
				TargetAttributes = {
					0419D266234A98300042200A = {
						CreatedOnToolsVersion = 10.2.1;
					};
					0419D27A234A98320042200A = {
						CreatedOnToolsVersion = 10.2.1;
						TestTargetID = 0419D266234A98300042200A;
					};
					0419D285234A98320042200A = {
						CreatedOnToolsVersion = 10.2.1;
						TestTargetID = 0419D266234A98300042200A;
					};
				};
			};
			buildConfigurationList = 0419D262234A98300042200A /* Build configuration list for PBXProject "autoSample" */;
			compatibilityVersion = "Xcode 9.3";
			developmentRegion = en;
			hasScannedForEncodings = 0;
			knownRegions = (
				en,
				Base,
			);
			mainGroup = 0419D25E234A98300042200A;
			productRefGroup = 0419D268234A98300042200A /* Products */;
			projectDirPath = "";
			projectRoot = "";
			targets = (
				0419D266234A98300042200A /* autoSample */,
				0419D27A234A98320042200A /* autoSampleTests */,
				0419D285234A98320042200A /* autoSampleUITests */,
			);
		};
/* End PBXProject section */

/* Begin PBXResourcesBuildPhase section */
		0419D265234A98300042200A /* Resources */ = {
			isa = PBXResourcesBuildPhase;
			buildActionMask = 2147483647;
			files = (
				1CE6618A234D907E00A92E97 /* CarCellView.xib in Resources */,
				0419D275234A98320042200A /* LaunchScreen.storyboard in Resources */,
				049B3092234AE0E600F3BE41 /* ManufacturerCarCellView.xib in Resources */,
				1CE66195234D9FB900A92E97 /* carJson.json in Resources */,
				0419D272234A98320042200A /* Assets.xcassets in Resources */,
				1CE66190234D9CA300A92E97 /* manufacturerJson.json in Resources */,
				1CE6617B234D206F00A92E97 /* AutoListViewController.xib in Resources */,
				0419D270234A98300042200A /* Main.storyboard in Resources */,
				1CE66173234C32E300A92E97 /* ManufacturerViewController.xib in Resources */,
			);
			runOnlyForDeploymentPostprocessing = 0;
		};
		0419D279234A98320042200A /* Resources */ = {
			isa = PBXResourcesBuildPhase;
			buildActionMask = 2147483647;
			files = (
			);
			runOnlyForDeploymentPostprocessing = 0;
		};
		0419D284234A98320042200A /* Resources */ = {
			isa = PBXResourcesBuildPhase;
			buildActionMask = 2147483647;
			files = (
			);
			runOnlyForDeploymentPostprocessing = 0;
		};
/* End PBXResourcesBuildPhase section */

/* Begin PBXShellScriptBuildPhase section */
		6C3567120EAE26A4179FF348 /* [CP] Check Pods Manifest.lock */ = {
			isa = PBXShellScriptBuildPhase;
			buildActionMask = 2147483647;
			files = (
			);
			inputFileListPaths = (
			);
			inputPaths = (
				"${PODS_PODFILE_DIR_PATH}/Podfile.lock",
				"${PODS_ROOT}/Manifest.lock",
			);
			name = "[CP] Check Pods Manifest.lock";
			outputFileListPaths = (
			);
			outputPaths = (
				"$(DERIVED_FILE_DIR)/Pods-autoSampleTests-checkManifestLockResult.txt",
			);
			runOnlyForDeploymentPostprocessing = 0;
			shellPath = /bin/sh;
			shellScript = "diff \"${PODS_PODFILE_DIR_PATH}/Podfile.lock\" \"${PODS_ROOT}/Manifest.lock\" > /dev/null\nif [ $? != 0 ] ; then\n    # print error to STDERR\n    echo \"error: The sandbox is not in sync with the Podfile.lock. Run 'pod install' or update your CocoaPods installation.\" >&2\n    exit 1\nfi\n# This output is used by Xcode 'outputs' to avoid re-running this script phase.\necho \"SUCCESS\" > \"${SCRIPT_OUTPUT_FILE_0}\"\n";
			showEnvVarsInLog = 0;
		};
		B9105B3CB35020F7DD14BFB8 /* [CP] Check Pods Manifest.lock */ = {
			isa = PBXShellScriptBuildPhase;
			buildActionMask = 2147483647;
			files = (
			);
			inputFileListPaths = (
			);
			inputPaths = (
				"${PODS_PODFILE_DIR_PATH}/Podfile.lock",
				"${PODS_ROOT}/Manifest.lock",
			);
			name = "[CP] Check Pods Manifest.lock";
			outputFileListPaths = (
			);
			outputPaths = (
				"$(DERIVED_FILE_DIR)/Pods-autoSample-checkManifestLockResult.txt",
			);
			runOnlyForDeploymentPostprocessing = 0;
			shellPath = /bin/sh;
			shellScript = "diff \"${PODS_PODFILE_DIR_PATH}/Podfile.lock\" \"${PODS_ROOT}/Manifest.lock\" > /dev/null\nif [ $? != 0 ] ; then\n    # print error to STDERR\n    echo \"error: The sandbox is not in sync with the Podfile.lock. Run 'pod install' or update your CocoaPods installation.\" >&2\n    exit 1\nfi\n# This output is used by Xcode 'outputs' to avoid re-running this script phase.\necho \"SUCCESS\" > \"${SCRIPT_OUTPUT_FILE_0}\"\n";
			showEnvVarsInLog = 0;
		};
		C249823DEE6499F44FF5CFE6 /* [CP] Check Pods Manifest.lock */ = {
			isa = PBXShellScriptBuildPhase;
			buildActionMask = 2147483647;
			files = (
			);
			inputFileListPaths = (
			);
			inputPaths = (
				"${PODS_PODFILE_DIR_PATH}/Podfile.lock",
				"${PODS_ROOT}/Manifest.lock",
			);
			name = "[CP] Check Pods Manifest.lock";
			outputFileListPaths = (
			);
			outputPaths = (
				"$(DERIVED_FILE_DIR)/Pods-autoSample-autoSampleUITests-checkManifestLockResult.txt",
			);
			runOnlyForDeploymentPostprocessing = 0;
			shellPath = /bin/sh;
			shellScript = "diff \"${PODS_PODFILE_DIR_PATH}/Podfile.lock\" \"${PODS_ROOT}/Manifest.lock\" > /dev/null\nif [ $? != 0 ] ; then\n    # print error to STDERR\n    echo \"error: The sandbox is not in sync with the Podfile.lock. Run 'pod install' or update your CocoaPods installation.\" >&2\n    exit 1\nfi\n# This output is used by Xcode 'outputs' to avoid re-running this script phase.\necho \"SUCCESS\" > \"${SCRIPT_OUTPUT_FILE_0}\"\n";
			showEnvVarsInLog = 0;
		};
		D89418F721084C6851100B49 /* [CP] Embed Pods Frameworks */ = {
			isa = PBXShellScriptBuildPhase;
			buildActionMask = 2147483647;
			files = (
			);
			inputFileListPaths = (
				"${PODS_ROOT}/Target Support Files/Pods-autoSample-autoSampleUITests/Pods-autoSample-autoSampleUITests-frameworks-${CONFIGURATION}-input-files.xcfilelist",
			);
			name = "[CP] Embed Pods Frameworks";
			outputFileListPaths = (
				"${PODS_ROOT}/Target Support Files/Pods-autoSample-autoSampleUITests/Pods-autoSample-autoSampleUITests-frameworks-${CONFIGURATION}-output-files.xcfilelist",
			);
			runOnlyForDeploymentPostprocessing = 0;
			shellPath = /bin/sh;
			shellScript = "\"${PODS_ROOT}/Target Support Files/Pods-autoSample-autoSampleUITests/Pods-autoSample-autoSampleUITests-frameworks.sh\"\n";
			showEnvVarsInLog = 0;
		};
		E9A98F5C8F3319E26864B47F /* [CP] Embed Pods Frameworks */ = {
			isa = PBXShellScriptBuildPhase;
			buildActionMask = 2147483647;
			files = (
			);
			inputFileListPaths = (
				"${PODS_ROOT}/Target Support Files/Pods-autoSample/Pods-autoSample-frameworks-${CONFIGURATION}-input-files.xcfilelist",
			);
			name = "[CP] Embed Pods Frameworks";
			outputFileListPaths = (
				"${PODS_ROOT}/Target Support Files/Pods-autoSample/Pods-autoSample-frameworks-${CONFIGURATION}-output-files.xcfilelist",
			);
			runOnlyForDeploymentPostprocessing = 0;
			shellPath = /bin/sh;
			shellScript = "\"${PODS_ROOT}/Target Support Files/Pods-autoSample/Pods-autoSample-frameworks.sh\"\n";
			showEnvVarsInLog = 0;
		};
/* End PBXShellScriptBuildPhase section */

/* Begin PBXSourcesBuildPhase section */
		0419D263234A98300042200A /* Sources */ = {
			isa = PBXSourcesBuildPhase;
			buildActionMask = 2147483647;
			files = (
				0419D26B234A98300042200A /* AppDelegate.swift in Sources */,
				1CE6617F234D2D7500A92E97 /* AutoSection.swift in Sources */,
				0419D29F234AB7A30042200A /* Car.swift in Sources */,
				049B3094234AEE6C00F3BE41 /* DynamicKey.swift in Sources */,
				0419D29D234AB2AF0042200A /* Manufacturer.swift in Sources */,
				049B308C234ADE9600F3BE41 /* ManufacturerSection.swift in Sources */,
				1CE66182234D3D4100A92E97 /* UIViewControllerExtensions.swift in Sources */,
				1CE66186234D700400A92E97 /* UIColorExtensions.swift in Sources */,
				1CE66184234D3DA400A92E97 /* CarProtocol.swift in Sources */,
				1CE66177234CB1DA00A92E97 /* CarAppNavigation.swift in Sources */,
				0419D29A234A9CFD0042200A /* AutoAPI.swift in Sources */,
				049B308F234AE0C800F3BE41 /* ManufacturerCarCellView.swift in Sources */,
				1CE66175234C33AF00A92E97 /* ManufacturerViewController.swift in Sources */,
				1CE66188234D906300A92E97 /* CarCellView.swift in Sources */,
				0419D2A2234AD79B0042200A /* ManufacturerViewModel.swift in Sources */,
				1CE6617D234D228B00A92E97 /* CarListViewModel.swift in Sources */,
				1CE66179234D1E7800A92E97 /* AutoListViewController.swift in Sources */,
			);
			runOnlyForDeploymentPostprocessing = 0;
		};
		0419D277234A98320042200A /* Sources */ = {
			isa = PBXSourcesBuildPhase;
			buildActionMask = 2147483647;
			files = (
				1CE66194234D9FB600A92E97 /* autoSampleTests.swift in Sources */,
			);
			runOnlyForDeploymentPostprocessing = 0;
		};
		0419D282234A98320042200A /* Sources */ = {
			isa = PBXSourcesBuildPhase;
			buildActionMask = 2147483647;
			files = (
				0419D28B234A98320042200A /* autoSampleUITests.swift in Sources */,
			);
			runOnlyForDeploymentPostprocessing = 0;
		};
/* End PBXSourcesBuildPhase section */

/* Begin PBXTargetDependency section */
		0419D27D234A98320042200A /* PBXTargetDependency */ = {
			isa = PBXTargetDependency;
			target = 0419D266234A98300042200A /* autoSample */;
			targetProxy = 0419D27C234A98320042200A /* PBXContainerItemProxy */;
		};
		0419D288234A98320042200A /* PBXTargetDependency */ = {
			isa = PBXTargetDependency;
			target = 0419D266234A98300042200A /* autoSample */;
			targetProxy = 0419D287234A98320042200A /* PBXContainerItemProxy */;
		};
/* End PBXTargetDependency section */

/* Begin PBXVariantGroup section */
		0419D26E234A98300042200A /* Main.storyboard */ = {
			isa = PBXVariantGroup;
			children = (
				0419D26F234A98300042200A /* Base */,
			);
			name = Main.storyboard;
			sourceTree = "<group>";
		};
		0419D273234A98320042200A /* LaunchScreen.storyboard */ = {
			isa = PBXVariantGroup;
			children = (
				0419D274234A98320042200A /* Base */,
			);
			name = LaunchScreen.storyboard;
			sourceTree = "<group>";
		};
/* End PBXVariantGroup section */

/* Begin XCBuildConfiguration section */
		0419D28D234A98320042200A /* Debug */ = {
			isa = XCBuildConfiguration;
			buildSettings = {
				ALWAYS_SEARCH_USER_PATHS = NO;
				CLANG_ANALYZER_NONNULL = YES;
				CLANG_ANALYZER_NUMBER_OBJECT_CONVERSION = YES_AGGRESSIVE;
				CLANG_CXX_LANGUAGE_STANDARD = "gnu++14";
				CLANG_CXX_LIBRARY = "libc++";
				CLANG_ENABLE_MODULES = YES;
				CLANG_ENABLE_OBJC_ARC = YES;
				CLANG_ENABLE_OBJC_WEAK = YES;
				CLANG_WARN_BLOCK_CAPTURE_AUTORELEASING = YES;
				CLANG_WARN_BOOL_CONVERSION = YES;
				CLANG_WARN_COMMA = YES;
				CLANG_WARN_CONSTANT_CONVERSION = YES;
				CLANG_WARN_DEPRECATED_OBJC_IMPLEMENTATIONS = YES;
				CLANG_WARN_DIRECT_OBJC_ISA_USAGE = YES_ERROR;
				CLANG_WARN_DOCUMENTATION_COMMENTS = YES;
				CLANG_WARN_EMPTY_BODY = YES;
				CLANG_WARN_ENUM_CONVERSION = YES;
				CLANG_WARN_INFINITE_RECURSION = YES;
				CLANG_WARN_INT_CONVERSION = YES;
				CLANG_WARN_NON_LITERAL_NULL_CONVERSION = YES;
				CLANG_WARN_OBJC_IMPLICIT_RETAIN_SELF = YES;
				CLANG_WARN_OBJC_LITERAL_CONVERSION = YES;
				CLANG_WARN_OBJC_ROOT_CLASS = YES_ERROR;
				CLANG_WARN_RANGE_LOOP_ANALYSIS = YES;
				CLANG_WARN_STRICT_PROTOTYPES = YES;
				CLANG_WARN_SUSPICIOUS_MOVE = YES;
				CLANG_WARN_UNGUARDED_AVAILABILITY = YES_AGGRESSIVE;
				CLANG_WARN_UNREACHABLE_CODE = YES;
				CLANG_WARN__DUPLICATE_METHOD_MATCH = YES;
				CODE_SIGN_IDENTITY = "iPhone Developer";
				COPY_PHASE_STRIP = NO;
				DEBUG_INFORMATION_FORMAT = dwarf;
				ENABLE_STRICT_OBJC_MSGSEND = YES;
				ENABLE_TESTABILITY = YES;
				GCC_C_LANGUAGE_STANDARD = gnu11;
				GCC_DYNAMIC_NO_PIC = NO;
				GCC_NO_COMMON_BLOCKS = YES;
				GCC_OPTIMIZATION_LEVEL = 0;
				GCC_PREPROCESSOR_DEFINITIONS = (
					"DEBUG=1",
					"$(inherited)",
				);
				GCC_WARN_64_TO_32_BIT_CONVERSION = YES;
				GCC_WARN_ABOUT_RETURN_TYPE = YES_ERROR;
				GCC_WARN_UNDECLARED_SELECTOR = YES;
				GCC_WARN_UNINITIALIZED_AUTOS = YES_AGGRESSIVE;
				GCC_WARN_UNUSED_FUNCTION = YES;
				GCC_WARN_UNUSED_VARIABLE = YES;
				IPHONEOS_DEPLOYMENT_TARGET = 12.2;
				MTL_ENABLE_DEBUG_INFO = INCLUDE_SOURCE;
				MTL_FAST_MATH = YES;
				ONLY_ACTIVE_ARCH = YES;
				SDKROOT = iphoneos;
				SWIFT_ACTIVE_COMPILATION_CONDITIONS = DEBUG;
				SWIFT_OPTIMIZATION_LEVEL = "-Onone";
			};
			name = Debug;
		};
		0419D28E234A98320042200A /* Release */ = {
			isa = XCBuildConfiguration;
			buildSettings = {
				ALWAYS_SEARCH_USER_PATHS = NO;
				CLANG_ANALYZER_NONNULL = YES;
				CLANG_ANALYZER_NUMBER_OBJECT_CONVERSION = YES_AGGRESSIVE;
				CLANG_CXX_LANGUAGE_STANDARD = "gnu++14";
				CLANG_CXX_LIBRARY = "libc++";
				CLANG_ENABLE_MODULES = YES;
				CLANG_ENABLE_OBJC_ARC = YES;
				CLANG_ENABLE_OBJC_WEAK = YES;
				CLANG_WARN_BLOCK_CAPTURE_AUTORELEASING = YES;
				CLANG_WARN_BOOL_CONVERSION = YES;
				CLANG_WARN_COMMA = YES;
				CLANG_WARN_CONSTANT_CONVERSION = YES;
				CLANG_WARN_DEPRECATED_OBJC_IMPLEMENTATIONS = YES;
				CLANG_WARN_DIRECT_OBJC_ISA_USAGE = YES_ERROR;
				CLANG_WARN_DOCUMENTATION_COMMENTS = YES;
				CLANG_WARN_EMPTY_BODY = YES;
				CLANG_WARN_ENUM_CONVERSION = YES;
				CLANG_WARN_INFINITE_RECURSION = YES;
				CLANG_WARN_INT_CONVERSION = YES;
				CLANG_WARN_NON_LITERAL_NULL_CONVERSION = YES;
				CLANG_WARN_OBJC_IMPLICIT_RETAIN_SELF = YES;
				CLANG_WARN_OBJC_LITERAL_CONVERSION = YES;
				CLANG_WARN_OBJC_ROOT_CLASS = YES_ERROR;
				CLANG_WARN_RANGE_LOOP_ANALYSIS = YES;
				CLANG_WARN_STRICT_PROTOTYPES = YES;
				CLANG_WARN_SUSPICIOUS_MOVE = YES;
				CLANG_WARN_UNGUARDED_AVAILABILITY = YES_AGGRESSIVE;
				CLANG_WARN_UNREACHABLE_CODE = YES;
				CLANG_WARN__DUPLICATE_METHOD_MATCH = YES;
				CODE_SIGN_IDENTITY = "iPhone Developer";
				COPY_PHASE_STRIP = NO;
				DEBUG_INFORMATION_FORMAT = "dwarf-with-dsym";
				ENABLE_NS_ASSERTIONS = NO;
				ENABLE_STRICT_OBJC_MSGSEND = YES;
				GCC_C_LANGUAGE_STANDARD = gnu11;
				GCC_NO_COMMON_BLOCKS = YES;
				GCC_WARN_64_TO_32_BIT_CONVERSION = YES;
				GCC_WARN_ABOUT_RETURN_TYPE = YES_ERROR;
				GCC_WARN_UNDECLARED_SELECTOR = YES;
				GCC_WARN_UNINITIALIZED_AUTOS = YES_AGGRESSIVE;
				GCC_WARN_UNUSED_FUNCTION = YES;
				GCC_WARN_UNUSED_VARIABLE = YES;
				IPHONEOS_DEPLOYMENT_TARGET = 12.2;
				MTL_ENABLE_DEBUG_INFO = NO;
				MTL_FAST_MATH = YES;
				SDKROOT = iphoneos;
				SWIFT_COMPILATION_MODE = wholemodule;
				SWIFT_OPTIMIZATION_LEVEL = "-O";
				VALIDATE_PRODUCT = YES;
			};
			name = Release;
		};
		0419D290234A98320042200A /* Debug */ = {
			isa = XCBuildConfiguration;
			baseConfigurationReference = 8FEB6BA70C4D9EA53B236EE8 /* Pods-autoSample.debug.xcconfig */;
			buildSettings = {
				ASSETCATALOG_COMPILER_APPICON_NAME = AppIcon;
				CODE_SIGN_STYLE = Automatic;
				DEVELOPMENT_TEAM = VZHRF55BUA;
				INFOPLIST_FILE = autoSample/Info.plist;
				LD_RUNPATH_SEARCH_PATHS = (
					"$(inherited)",
					"@executable_path/Frameworks",
				);
				PRODUCT_BUNDLE_IDENTIFIER = com.autoSample.autoSample;
				PRODUCT_NAME = "$(TARGET_NAME)";
				SWIFT_VERSION = 5.0;
				TARGETED_DEVICE_FAMILY = "1,2";
			};
			name = Debug;
		};
		0419D291234A98320042200A /* Release */ = {
			isa = XCBuildConfiguration;
			baseConfigurationReference = E962778CCFC38FFB841326D0 /* Pods-autoSample.release.xcconfig */;
			buildSettings = {
				ASSETCATALOG_COMPILER_APPICON_NAME = AppIcon;
				CODE_SIGN_STYLE = Automatic;
				DEVELOPMENT_TEAM = VZHRF55BUA;
				INFOPLIST_FILE = autoSample/Info.plist;
				LD_RUNPATH_SEARCH_PATHS = (
					"$(inherited)",
					"@executable_path/Frameworks",
				);
				PRODUCT_BUNDLE_IDENTIFIER = com.autoSample.autoSample;
				PRODUCT_NAME = "$(TARGET_NAME)";
				SWIFT_VERSION = 5.0;
				TARGETED_DEVICE_FAMILY = "1,2";
			};
			name = Release;
		};
		0419D293234A98320042200A /* Debug */ = {
			isa = XCBuildConfiguration;
			baseConfigurationReference = 0EB742C444C07582835F9EF8 /* Pods-autoSampleTests.debug.xcconfig */;
			buildSettings = {
				ALWAYS_EMBED_SWIFT_STANDARD_LIBRARIES = YES;
				BUNDLE_LOADER = "$(TEST_HOST)";
				CODE_SIGN_STYLE = Automatic;
				DEVELOPMENT_TEAM = VZHRF55BUA;
				INFOPLIST_FILE = autoSampleTests/Info.plist;
				LD_RUNPATH_SEARCH_PATHS = (
					"$(inherited)",
					"@executable_path/Frameworks",
					"@loader_path/Frameworks",
				);
				PRODUCT_BUNDLE_IDENTIFIER = com.autoSample.autoSampleTests;
				PRODUCT_NAME = "$(TARGET_NAME)";
				SWIFT_VERSION = 5.0;
				TARGETED_DEVICE_FAMILY = "1,2";
				TEST_HOST = "$(BUILT_PRODUCTS_DIR)/autoSample.app/autoSample";
			};
			name = Debug;
		};
		0419D294234A98320042200A /* Release */ = {
			isa = XCBuildConfiguration;
			baseConfigurationReference = D9CA93503363CCE07440E46A /* Pods-autoSampleTests.release.xcconfig */;
			buildSettings = {
				ALWAYS_EMBED_SWIFT_STANDARD_LIBRARIES = YES;
				BUNDLE_LOADER = "$(TEST_HOST)";
				CODE_SIGN_STYLE = Automatic;
				DEVELOPMENT_TEAM = VZHRF55BUA;
				INFOPLIST_FILE = autoSampleTests/Info.plist;
				LD_RUNPATH_SEARCH_PATHS = (
					"$(inherited)",
					"@executable_path/Frameworks",
					"@loader_path/Frameworks",
				);
				PRODUCT_BUNDLE_IDENTIFIER = com.autoSample.autoSampleTests;
				PRODUCT_NAME = "$(TARGET_NAME)";
				SWIFT_VERSION = 5.0;
				TARGETED_DEVICE_FAMILY = "1,2";
				TEST_HOST = "$(BUILT_PRODUCTS_DIR)/autoSample.app/autoSample";
			};
			name = Release;
		};
		0419D296234A98320042200A /* Debug */ = {
			isa = XCBuildConfiguration;
			baseConfigurationReference = 11E9D78024C33E38EBFE774F /* Pods-autoSample-autoSampleUITests.debug.xcconfig */;
			buildSettings = {
				ALWAYS_EMBED_SWIFT_STANDARD_LIBRARIES = YES;
				CODE_SIGN_STYLE = Automatic;
				DEVELOPMENT_TEAM = VZHRF55BUA;
				INFOPLIST_FILE = autoSampleUITests/Info.plist;
				LD_RUNPATH_SEARCH_PATHS = (
					"$(inherited)",
					"@executable_path/Frameworks",
					"@loader_path/Frameworks",
				);
				PRODUCT_BUNDLE_IDENTIFIER = com.autoSample.autoSampleUITests;
				PRODUCT_NAME = "$(TARGET_NAME)";
				SWIFT_VERSION = 5.0;
				TARGETED_DEVICE_FAMILY = "1,2";
				TEST_TARGET_NAME = autoSample;
			};
			name = Debug;
		};
		0419D297234A98320042200A /* Release */ = {
			isa = XCBuildConfiguration;
			baseConfigurationReference = 4E8D5A71096F149701C400F8 /* Pods-autoSample-autoSampleUITests.release.xcconfig */;
			buildSettings = {
				ALWAYS_EMBED_SWIFT_STANDARD_LIBRARIES = YES;
				CODE_SIGN_STYLE = Automatic;
				DEVELOPMENT_TEAM = VZHRF55BUA;
				INFOPLIST_FILE = autoSampleUITests/Info.plist;
				LD_RUNPATH_SEARCH_PATHS = (
					"$(inherited)",
					"@executable_path/Frameworks",
					"@loader_path/Frameworks",
				);
				PRODUCT_BUNDLE_IDENTIFIER = com.autoSample.autoSampleUITests;
				PRODUCT_NAME = "$(TARGET_NAME)";
				SWIFT_VERSION = 5.0;
				TARGETED_DEVICE_FAMILY = "1,2";
				TEST_TARGET_NAME = autoSample;
			};
			name = Release;
		};
/* End XCBuildConfiguration section */

/* Begin XCConfigurationList section */
		0419D262234A98300042200A /* Build configuration list for PBXProject "autoSample" */ = {
			isa = XCConfigurationList;
			buildConfigurations = (
				0419D28D234A98320042200A /* Debug */,
				0419D28E234A98320042200A /* Release */,
			);
			defaultConfigurationIsVisible = 0;
			defaultConfigurationName = Release;
		};
		0419D28F234A98320042200A /* Build configuration list for PBXNativeTarget "autoSample" */ = {
			isa = XCConfigurationList;
			buildConfigurations = (
				0419D290234A98320042200A /* Debug */,
				0419D291234A98320042200A /* Release */,
			);
			defaultConfigurationIsVisible = 0;
			defaultConfigurationName = Release;
		};
		0419D292234A98320042200A /* Build configuration list for PBXNativeTarget "autoSampleTests" */ = {
			isa = XCConfigurationList;
			buildConfigurations = (
				0419D293234A98320042200A /* Debug */,
				0419D294234A98320042200A /* Release */,
			);
			defaultConfigurationIsVisible = 0;
			defaultConfigurationName = Release;
		};
		0419D295234A98320042200A /* Build configuration list for PBXNativeTarget "autoSampleUITests" */ = {
			isa = XCConfigurationList;
			buildConfigurations = (
				0419D296234A98320042200A /* Debug */,
				0419D297234A98320042200A /* Release */,
			);
			defaultConfigurationIsVisible = 0;
			defaultConfigurationName = Release;
		};
/* End XCConfigurationList section */
	};
	rootObject = 0419D25F234A98300042200A /* Project object */;
}
